
Microsoft Visual Studio Solution File, Format Version 12.00
# Visual Studio Version 17
VisualStudioVersion = 17.11.35208.52
MinimumVisualStudioVersion = 10.0.40219.1
Project("{FAE04EC0-301F-11D3-BF4B-00C04F79EFBC}") = "Billetera", "Billetera\Billetera.csproj", "{873BA98E-5294-41AF-BC21-0E9FCA7547F8}"
EndProject
Global
	GlobalSection(SolutionConfigurationPlatforms) = preSolution
		Debug|Any CPU = Debug|Any CPU
		Release|Any CPU = Release|Any CPU
	EndGlobalSection
	GlobalSection(ProjectConfigurationPlatforms) = postSolution
		{873BA98E-5294-41AF-BC21-0E9FCA7547F8}.Debug|Any CPU.ActiveCfg = Debug|Any CPU
		{873BA98E-5294-41AF-BC21-0E9FCA7547F8}.Debug|Any CPU.Build.0 = Debug|Any CPU
		{873BA98E-5294-41AF-BC21-0E9FCA7547F8}.Release|Any CPU.ActiveCfg = Release|Any CPU
		{873BA98E-5294-41AF-BC21-0E9FCA7547F8}.Release|Any CPU.Build.0 = Release|Any CPU
	EndGlobalSection
	GlobalSection(SolutionProperties) = preSolution
		HideSolutionNode = FALSE
	EndGlobalSection
	GlobalSection(ExtensibilityGlobals) = postSolution
		SolutionGuid = {BEBD95BF-5E74-4BD6-82AE-7CEECD80CF63}
	EndGlobalSection
EndGlobal
